
Microsoft Visual Studio Solution File, Format Version 12.00
# Visual Studio Version 17
VisualStudioVersion = 17.7.34031.279
MinimumVisualStudioVersion = 10.0.40219.1
Project("{9A19103F-16F7-4668-BE54-9A1E7A4F7556}") = "WpfApp3", "WpfApp3\WpfApp3.csproj", "{C66AEA1C-90B2-4764-8DDC-0F9B57D4EFD0}"
EndProject
Global
	GlobalSection(SolutionConfigurationPlatforms) = preSolution
		Debug|Any CPU = Debug|Any CPU
		Release|Any CPU = Release|Any CPU
	EndGlobalSection
	GlobalSection(ProjectConfigurationPlatforms) = postSolution
		{C66AEA1C-90B2-4764-8DDC-0F9B57D4EFD0}.Debug|Any CPU.ActiveCfg = Debug|Any CPU
		{C66AEA1C-90B2-4764-8DDC-0F9B57D4EFD0}.Debug|Any CPU.Build.0 = Debug|Any CPU
		{C66AEA1C-90B2-4764-8DDC-0F9B57D4EFD0}.Release|Any CPU.ActiveCfg = Release|Any CPU
		{C66AEA1C-90B2-4764-8DDC-0F9B57D4EFD0}.Release|Any CPU.Build.0 = Release|Any CPU
	EndGlobalSection
	GlobalSection(SolutionProperties) = preSolution
		HideSolutionNode = FALSE
	EndGlobalSection
	GlobalSection(ExtensibilityGlobals) = postSolution
		SolutionGuid = {E79ED05B-C384-4D2D-9625-26FB17C2F8AF}
	EndGlobalSection
EndGlobal
